PODS:
  - camera (0.0.1):
    - Flutter
  - Flutter (1.0.0)
  - GoogleDataTransport (8.4.0):
    - GoogleUtilities/Environment (~> 7.2)
    - nanopb (~> 2.30908.0)
    - PromisesObjC (~> 1.2)
  - GoogleMLKit/MLKitCore (2.1.0):
    - MLKitCommon (~> 2.1.0)
  - GoogleMLKit/PoseDetectionAccurate (2.1.0):
    - GoogleMLKit/MLKitCore
    - MLKitPoseDetectionAccurate (~> 1.0.0-beta3)
  - GoogleToolboxForMac/DebugUtils (2.3.1):
    - GoogleToolboxForMac/Defines (= 2.3.1)
  - GoogleToolboxForMac/Defines (2.3.1)
  - GoogleToolboxForMac/Logger (2.3.1):
    - GoogleToolboxForMac/Defines (= 2.3.1)
  - "GoogleToolboxForMac/NSData+zlib (2.3.1)":
    - GoogleToolboxForMac/Defines (= 2.3.1)
  - "GoogleToolboxForMac/NSDictionary+URLArguments (2.3.1)":
    - GoogleToolboxForMac/DebugUtils (= 2.3.1)
    - GoogleToolboxForMac/Defines (= 2.3.1)
    - "GoogleToolboxForMac/NSString+URLArguments (= 2.3.1)"
  - "GoogleToolboxForMac/NSString+URLArguments (2.3.1)"
  - GoogleUtilities/Environment (7.4.0):
    - PromisesObjC (~> 1.2)
  - GoogleUtilities/Logger (7.4.0):
    - GoogleUtilities/Environment
  - GoogleUtilities/UserDefaults (7.4.0):
    - GoogleUtilities/Logger
  - GoogleUtilitiesComponents (1.0.0):
    - GoogleUtilities/Logger
  - GTMSessionFetcher/Core (1.5.0)
  - MLKitCommon (2.1.0):
    - GoogleDataTransport (~> 8.0)
    - GoogleToolboxForMac/Logger (~> 2.1)
    - "GoogleToolboxForMac/NSData+zlib (~> 2.1)"
    - "GoogleToolboxForMac/NSDictionary+URLArguments (~> 2.1)"
    - GoogleUtilities/UserDefaults (~> 7.0)
    - GoogleUtilitiesComponents (~> 1.0)
    - GTMSessionFetcher/Core (~> 1.1)
    - Protobuf (~> 3.12)
  - MLKitPoseDetectionAccurate (1.0.0-beta3):
    - MLKitCommon (~> 2.1)
    - MLKitPoseDetectionCommon (= 1.0.0-beta3)
    - MLKitXenoCommon (= 1.0.0-beta3)
  - MLKitPoseDetectionCommon (1.0.0-beta3):
    - MLKitCommon (~> 2.1)
    - MLKitXenoCommon (= 1.0.0-beta3)
  - MLKitVision (1.2.0):
    - GoogleToolboxForMac/Logger (~> 2.1)
    - "GoogleToolboxForMac/NSData+zlib (~> 2.1)"
    - GTMSessionFetcher/Core (~> 1.1)
    - MLKitCommon (~> 2.1)
    - Protobuf (~> 3.12)
  - MLKitXenoCommon (1.0.0-beta3):
    - MLKitCommon (~> 2.1)
    - MLKitVision (~> 1.2)
  - nanopb (2.30908.0):
    - nanopb/decode (= 2.30908.0)
    - nanopb/encode (= 2.30908.0)
  - nanopb/decode (2.30908.0)
  - nanopb/encode (2.30908.0)
  - PromisesObjC (1.2.12)
  - Protobuf (3.15.8)

DEPENDENCIES:
  - camera (from `.symlinks/plugins/camera/ios`)
  - Flutter (from `Flutter`)
  - GoogleMLKit/PoseDetectionAccurate

SPEC REPOS:
  trunk:
    - GoogleDataTransport
    - GoogleMLKit
    - GoogleToolboxForMac
    - GoogleUtilities
    - GoogleUtilitiesComponents
    - GTMSessionFetcher
    - MLKitCommon
    - MLKitPoseDetectionAccurate
    - MLKitPoseDetectionCommon
    - MLKitVision
    - MLKitXenoCommon
    - nanopb
    - PromisesObjC
    - Protobuf

EXTERNAL SOURCES:
  camera:
    :path: ".symlinks/plugins/camera/ios"
  Flutter:
    :path: Flutter

SPEC CHECKSUMS:
  camera: a0ca5080336f7af47b88436e5e26da3dee5568f0
  Flutter: 0e3d915762c693b495b44d77113d4970485de6ec
  GoogleDataTransport: cd9db2180fcecd8da1b561aea31e3e56cf834aa7
  GoogleMLKit: 6ca2a10de262ee1017b52ac045e8967884ace992
  GoogleToolboxForMac: 471e0c05d39506e50e6398f46fa9a12ae0efeff9
  GoogleUtilities: 284cddc7fffc14ae1907efb6f78ab95c1fccaedc
  GoogleUtilitiesComponents: a69c0b3b369ba443e988141e75ef49d9010b1c80
  GTMSessionFetcher: b3503b20a988c4e20cc189aa798fd18220133f52
  MLKitCommon: 9ed187a042139d51c0d8bf6a8301bb20b375c576
  MLKitPoseDetectionAccurate: 4f64ff60f0a1285b5c8950bd8fdd3226937df96c
  MLKitPoseDetectionCommon: 6184de679b584083113968b464f0f998a147af72
  MLKitVision: 51385878c9100024478971856510f9271ff555b5
  MLKitXenoCommon: 7c59efa2b957f40acd06c9d6fc28763de1627c9b
  nanopb: a0ba3315591a9ae0a16a309ee504766e90db0c96
  PromisesObjC: 3113f7f76903778cf4a0586bd1ab89329a0b7b97
  Protobuf: adb85cd18a15bd1a777c158af9fd6e612a0e6d69

PODFILE CHECKSUM: 94a02596bb56070386caa2b2e2e28e1e70825de2

COCOAPODS: 1.9.3
